
Microsoft Visual Studio Solution File, Format Version 12.00
# Visual Studio Version 16
VisualStudioVersion = 16.0.30717.126
MinimumVisualStudioVersion = 10.0.40219.1
Project("{FAE04EC0-301F-11D3-BF4B-00C04F79EFBC}") = "Scifinity.Core", "Scifinity.Core\Scifinity.Core.csproj", "{52EBC012-1501-4010-B558-E8A9C3934637}"
EndProject
Project("{FAE04EC0-301F-11D3-BF4B-00C04F79EFBC}") = "Scifinity.App", "Scifinity.App\Scifinity.App.csproj", "{4F5BAD54-F42F-4048-B0CA-97C3DA35801A}"
EndProject
Global
	GlobalSection(SolutionConfigurationPlatforms) = preSolution
		Debug|Any CPU = Debug|Any CPU
		Release|Any CPU = Release|Any CPU
	EndGlobalSection
	GlobalSection(ProjectConfigurationPlatforms) = postSolution
		{52EBC012-1501-4010-B558-E8A9C3934637}.Debug|Any CPU.ActiveCfg = Debug|Any CPU
		{52EBC012-1501-4010-B558-E8A9C3934637}.Debug|Any CPU.Build.0 = Debug|Any CPU
		{52EBC012-1501-4010-B558-E8A9C3934637}.Release|Any CPU.ActiveCfg = Release|Any CPU
		{52EBC012-1501-4010-B558-E8A9C3934637}.Release|Any CPU.Build.0 = Release|Any CPU
		{4F5BAD54-F42F-4048-B0CA-97C3DA35801A}.Debug|Any CPU.ActiveCfg = Debug|Any CPU
		{4F5BAD54-F42F-4048-B0CA-97C3DA35801A}.Debug|Any CPU.Build.0 = Debug|Any CPU
		{4F5BAD54-F42F-4048-B0CA-97C3DA35801A}.Release|Any CPU.ActiveCfg = Release|Any CPU
		{4F5BAD54-F42F-4048-B0CA-97C3DA35801A}.Release|Any CPU.Build.0 = Release|Any CPU
	EndGlobalSection
	GlobalSection(SolutionProperties) = preSolution
		HideSolutionNode = FALSE
	EndGlobalSection
	GlobalSection(ExtensibilityGlobals) = postSolution
		SolutionGuid = {AE971CF3-C47C-40AD-9F00-AF075DD770D7}
	EndGlobalSection
EndGlobal
